<Solution>
  <Project Path="CMS.Backend/CMS.Backend.csproj" Id="77c44f54-9105-4333-9343-1cef00163a93" />
  <Project Path="CMS.Data1/CMS.Data.csproj" Id="d63380a9-7de5-4e4b-a154-a81dc4711d99" />
  <Project Path="cms.frontend/" Type="Website" DisplayName="cms.frontend">
    <BuildType Project="Debug" />
    <Properties Name="WebsiteProperties">
      <Property Name="Debug.AspNetCompiler.Debug" Value="&quot;True&quot;" />
      <Property Name="Debug.AspNetCompiler.FixedNames" Value="&quot;false&quot;" />
      <Property Name="Debug.AspNetCompiler.ForceOverwrite" Value="&quot;true&quot;" />
      <Property Name="Debug.AspNetCompiler.PhysicalPath" Value="&quot;cms.frontend\&quot;" />
      <Property Name="Debug.AspNetCompiler.TargetPath" Value="&quot;PrecompiledWeb\localhost_56030\&quot;" />
      <Property Name="Debug.AspNetCompiler.Updateable" Value="&quot;true&quot;" />
      <Property Name="Debug.AspNetCompiler.VirtualPath" Value="&quot;/localhost_56030&quot;" />
      <Property Name="Release.AspNetCompiler.Debug" Value="&quot;False&quot;" />
      <Property Name="Release.AspNetCompiler.FixedNames" Value="&quot;false&quot;" />
      <Property Name="Release.AspNetCompiler.ForceOverwrite" Value="&quot;true&quot;" />
      <Property Name="Release.AspNetCompiler.PhysicalPath" Value="&quot;cms.frontend\&quot;" />
      <Property Name="Release.AspNetCompiler.TargetPath" Value="&quot;PrecompiledWeb\localhost_56030\&quot;" />
      <Property Name="Release.AspNetCompiler.Updateable" Value="&quot;true&quot;" />
      <Property Name="Release.AspNetCompiler.VirtualPath" Value="&quot;/localhost_56030&quot;" />
      <Property Name="TargetFrameworkMoniker" Value="&quot;.NETFramework,Version%3Dv4.8&quot;" />
      <Property Name="VWDPort" Value="&quot;56030&quot;" />
    </Properties>
  </Project>
</Solution>
